// !$*UTF8*$!
{
	archiveVersion = 1;
	classes = {
	};
	objectVersion = 52;
	objects = {

/* Begin PBXBuildFile section */
		2FAD9763203C412B000D30F8 /* config.xml in Resources */ = {isa = PBXBuildFile; fileRef = 2FAD9762203C412B000D30F8 /* config.xml */; };
		41112C9C23CC73B300CF52D7 /* IntentHandler.swift in Sources */ = {isa = PBXBuildFile; fileRef = 41112C9B23CC73B300CF52D7 /* IntentHandler.swift */; };
		41112CA023CC73B300CF52D7 /* Boomerang.appex in Embed App Extensions */ = {isa = PBXBuildFile; fileRef = 41112C9923CC73B300CF52D7 /* Boomerang.appex */; settings = {ATTRIBUTES = (RemoveHeadersOnCopy, ); }; };
		41112CA423CC761700CF52D7 /* OSLog+Custom.swift in Sources */ = {isa = PBXBuildFile; fileRef = 4156E79D23AA2BD9005C42A7 /* OSLog+Custom.swift */; };
		41112CA523CC76B700CF52D7 /* BoomerangError.swift in Sources */ = {isa = PBXBuildFile; fileRef = 41B71DF723A7E1C0000440D4 /* BoomerangError.swift */; };
		41112CA623CC77FC00CF52D7 /* ConfigReader.swift in Sources */ = {isa = PBXBuildFile; fileRef = 411579F323BF39A300F92E5F /* ConfigReader.swift */; };
		41112CA723CC780000CF52D7 /* Config.swift in Sources */ = {isa = PBXBuildFile; fileRef = 41D0B00123C33DB60041C398 /* Config.swift */; };
		41112CAA23CC799B00CF52D7 /* Constants.swift in Sources */ = {isa = PBXBuildFile; fileRef = 41D0B00323C34A950041C398 /* Constants.swift */; };
		41112CAC23CC79C900CF52D7 /* JWTDecode in Frameworks */ = {isa = PBXBuildFile; productRef = 41112CAB23CC79C900CF52D7 /* JWTDecode */; };
		41112CAF23CC7C4300CF52D7 /* Requests.swift in Sources */ = {isa = PBXBuildFile; fileRef = 41112CAD23CC7C1000CF52D7 /* Requests.swift */; };
		41112CB023CCB1B100CF52D7 /* Requests.swift in Sources */ = {isa = PBXBuildFile; fileRef = 41112CAD23CC7C1000CF52D7 /* Requests.swift */; };
		41112CB223CCB5F200CF52D7 /* SendSessionDelegate.swift in Sources */ = {isa = PBXBuildFile; fileRef = 41A9C7FF23A9275E00B2CEDC /* SendSessionDelegate.swift */; };
		41112CB623CCB64200CF52D7 /* Encodable+Dictionary.swift in Sources */ = {isa = PBXBuildFile; fileRef = 41E3BEAE23A3F0AE00C2F4AD /* Encodable+Dictionary.swift */; };
		41112CB723CCBF7500CF52D7 /* Attachment.swift in Sources */ = {isa = PBXBuildFile; fileRef = 41E3BEAC23A3EF2500C2F4AD /* Attachment.swift */; };
		411579F423BF39A300F92E5F /* ConfigReader.swift in Sources */ = {isa = PBXBuildFile; fileRef = 411579F323BF39A300F92E5F /* ConfigReader.swift */; };
		41233DCE247918CC00ED7318 /* SwiftSoup in Frameworks */ = {isa = PBXBuildFile; productRef = 41233DCD247918CC00ED7318 /* SwiftSoup */; };
		41233DCF24791DB000ED7318 /* URL+WebPageTitle.swift in Sources */ = {isa = PBXBuildFile; fileRef = 41233DCA2479183F00ED7318 /* URL+WebPageTitle.swift */; };
		4156E79E23AA2BD9005C42A7 /* OSLog+Custom.swift in Sources */ = {isa = PBXBuildFile; fileRef = 4156E79D23AA2BD9005C42A7 /* OSLog+Custom.swift */; };
		4156E79F23AA2BD9005C42A7 /* OSLog+Custom.swift in Sources */ = {isa = PBXBuildFile; fileRef = 4156E79D23AA2BD9005C42A7 /* OSLog+Custom.swift */; };
		415B908723C5EA3A00AB0A3C /* RequestValidator.swift in Sources */ = {isa = PBXBuildFile; fileRef = 415B908623C5EA3A00AB0A3C /* RequestValidator.swift */; };
		41A9C80023A9275E00B2CEDC /* SendSessionDelegate.swift in Sources */ = {isa = PBXBuildFile; fileRef = 41A9C7FF23A9275E00B2CEDC /* SendSessionDelegate.swift */; };
		41A9C80123A9275E00B2CEDC /* SendSessionDelegate.swift in Sources */ = {isa = PBXBuildFile; fileRef = 41A9C7FF23A9275E00B2CEDC /* SendSessionDelegate.swift */; };
		41B4D6FA246988AA002060DA /* ExtensionClass.js in Resources */ = {isa = PBXBuildFile; fileRef = 41B4D6F9246988AA002060DA /* ExtensionClass.js */; };
		41B4D6FC2469893F002060DA /* NSExtensionItem+WebPageProperties.swift in Sources */ = {isa = PBXBuildFile; fileRef = 41B4D6FB2469893F002060DA /* NSExtensionItem+WebPageProperties.swift */; };
		41B71DF423A7BE85000440D4 /* Data+Size.swift in Sources */ = {isa = PBXBuildFile; fileRef = 41B71DF323A7BE85000440D4 /* Data+Size.swift */; };
		41B71DF623A7C29C000440D4 /* SendModel.swift in Sources */ = {isa = PBXBuildFile; fileRef = 41B71DF523A7C29C000440D4 /* SendModel.swift */; };
		41B71DF823A7E1C0000440D4 /* BoomerangError.swift in Sources */ = {isa = PBXBuildFile; fileRef = 41B71DF723A7E1C0000440D4 /* BoomerangError.swift */; };
		41B71DFA23A907FE000440D4 /* PaddingLabel.swift in Sources */ = {isa = PBXBuildFile; fileRef = 41B71DF923A907FE000440D4 /* PaddingLabel.swift */; };
		41C905A4239A93FC009BFCFD /* ShareViewController.swift in Sources */ = {isa = PBXBuildFile; fileRef = 41C905A3239A93FC009BFCFD /* ShareViewController.swift */; };
		41C905A7239A93FC009BFCFD /* MainInterface.storyboard in Resources */ = {isa = PBXBuildFile; fileRef = 41C905A5239A93FC009BFCFD /* MainInterface.storyboard */; };
		41C905AB239A93FC009BFCFD /* Boomerang.appex in Embed App Extensions */ = {isa = PBXBuildFile; fileRef = 41C905A1239A93FC009BFCFD /* Boomerang.appex */; settings = {ATTRIBUTES = (RemoveHeadersOnCopy, ); }; };
		41D0AFFF23C325700041C398 /* JWTDecode in Frameworks */ = {isa = PBXBuildFile; productRef = 41D0AFFE23C325700041C398 /* JWTDecode */; };
		41D0B00223C33DB60041C398 /* Config.swift in Sources */ = {isa = PBXBuildFile; fileRef = 41D0B00123C33DB60041C398 /* Config.swift */; };
		41D0B00423C34A950041C398 /* Constants.swift in Sources */ = {isa = PBXBuildFile; fileRef = 41D0B00323C34A950041C398 /* Constants.swift */; };
		41D0B00523C34AA70041C398 /* Constants.swift in Sources */ = {isa = PBXBuildFile; fileRef = 41D0B00323C34A950041C398 /* Constants.swift */; };
		41E3BEAD23A3EF2500C2F4AD /* Attachment.swift in Sources */ = {isa = PBXBuildFile; fileRef = 41E3BEAC23A3EF2500C2F4AD /* Attachment.swift */; };
		41E3BEAF23A3F0AE00C2F4AD /* Encodable+Dictionary.swift in Sources */ = {isa = PBXBuildFile; fileRef = 41E3BEAE23A3F0AE00C2F4AD /* Encodable+Dictionary.swift */; };
		41E6B6EB23AA5A5C005D91CF /* BoomerangError.swift in Sources */ = {isa = PBXBuildFile; fileRef = 41B71DF723A7E1C0000440D4 /* BoomerangError.swift */; };
		41E6B6EC23AA5A98005D91CF /* Data+Size.swift in Sources */ = {isa = PBXBuildFile; fileRef = 41B71DF323A7BE85000440D4 /* Data+Size.swift */; };
		41E6B6EE23AA5A9D005D91CF /* Encodable+Dictionary.swift in Sources */ = {isa = PBXBuildFile; fileRef = 41E3BEAE23A3F0AE00C2F4AD /* Encodable+Dictionary.swift */; };
		50379B232058CBB4000EE86E /* capacitor.config.json in Resources */ = {isa = PBXBuildFile; fileRef = 50379B222058CBB4000EE86E /* capacitor.config.json */; };
		504EC3081FED79650016851F /* AppDelegate.swift in Sources */ = {isa = PBXBuildFile; fileRef = 504EC3071FED79650016851F /* AppDelegate.swift */; };
		504EC30D1FED79650016851F /* Main.storyboard in Resources */ = {isa = PBXBuildFile; fileRef = 504EC30B1FED79650016851F /* Main.storyboard */; };
		504EC30F1FED79650016851F /* Assets.xcassets in Resources */ = {isa = PBXBuildFile; fileRef = 504EC30E1FED79650016851F /* Assets.xcassets */; };
		504EC3121FED79650016851F /* LaunchScreen.storyboard in Resources */ = {isa = PBXBuildFile; fileRef = 504EC3101FED79650016851F /* LaunchScreen.storyboard */; };
		50B271D11FEDC1A000F3C39B /* public in Resources */ = {isa = PBXBuildFile; fileRef = 50B271D01FEDC1A000F3C39B /* public */; };
		A084ECDBA7D38E1E42DFC39D /* Pods_App.framework in Frameworks */ = {isa = PBXBuildFile; fileRef = AF277DCFFFF123FFC6DF26C7 /* Pods_App.framework */; };
		E937D6FC23CE059100BB52B3 /* AppIntentVocabulary.plist in Resources */ = {isa = PBXBuildFile; fileRef = E937D6FF23CE059100BB52B3 /* AppIntentVocabulary.plist */; };
		E937D6FD23CE059100BB52B3 /* AppIntentVocabulary.plist in Resources */ = {isa = PBXBuildFile; fileRef = E937D6FF23CE059100BB52B3 /* AppIntentVocabulary.plist */; };
/* End PBXBuildFile section */

/* Begin PBXContainerItemProxy section */
		41112C9E23CC73B300CF52D7 /* PBXContainerItemProxy */ = {
			isa = PBXContainerItemProxy;
			containerPortal = 504EC2FC1FED79650016851F /* Project object */;
			proxyType = 1;
			remoteGlobalIDString = 41112C9823CC73B300CF52D7;
			remoteInfo = IntentsExtension;
		};
		41C905A9239A93FC009BFCFD /* PBXContainerItemProxy */ = {
			isa = PBXContainerItemProxy;
			containerPortal = 504EC2FC1FED79650016851F /* Project object */;
			proxyType = 1;
			remoteGlobalIDString = 41C905A0239A93FC009BFCFD;
			remoteInfo = ShareExtension;
		};
/* End PBXContainerItemProxy section */

/* Begin PBXCopyFilesBuildPhase section */
		41C905AC239A93FC009BFCFD /* Embed App Extensions */ = {
			isa = PBXCopyFilesBuildPhase;
			buildActionMask = 2147483647;
			dstPath = "";
			dstSubfolderSpec = 13;
			files = (
				41112CA023CC73B300CF52D7 /* Boomerang.appex in Embed App Extensions */,
				41C905AB239A93FC009BFCFD /* Boomerang.appex in Embed App Extensions */,
			);
			name = "Embed App Extensions";
			runOnlyForDeploymentPostprocessing = 0;
		};
/* End PBXCopyFilesBuildPhase section */

/* Begin PBXFileReference section */
		2FAD9762203C412B000D30F8 /* config.xml */ = {isa = PBXFileReference; lastKnownFileType = text.xml; path = config.xml; sourceTree = "<group>"; };
		41112C9923CC73B300CF52D7 /* Boomerang.appex */ = {isa = PBXFileReference; explicitFileType = "wrapper.app-extension"; includeInIndex = 0; name = Boomerang.appex; path = IntentsExtension.appex; sourceTree = BUILT_PRODUCTS_DIR; };
		41112C9B23CC73B300CF52D7 /* IntentHandler.swift */ = {isa = PBXFileReference; lastKnownFileType = sourcecode.swift; path = IntentHandler.swift; sourceTree = "<group>"; };
		41112C9D23CC73B300CF52D7 /* Info.plist */ = {isa = PBXFileReference; lastKnownFileType = text.plist.xml; path = Info.plist; sourceTree = "<group>"; };
		41112CAD23CC7C1000CF52D7 /* Requests.swift */ = {isa = PBXFileReference; lastKnownFileType = sourcecode.swift; path = Requests.swift; sourceTree = "<group>"; };
		411579F323BF39A300F92E5F /* ConfigReader.swift */ = {isa = PBXFileReference; lastKnownFileType = sourcecode.swift; path = ConfigReader.swift; sourceTree = "<group>"; };
		41233DCA2479183F00ED7318 /* URL+WebPageTitle.swift */ = {isa = PBXFileReference; lastKnownFileType = sourcecode.swift; path = "URL+WebPageTitle.swift"; sourceTree = "<group>"; };
		4153CB3523CDAF68008EE059 /* IntentsExtension.entitlements */ = {isa = PBXFileReference; lastKnownFileType = text.plist.entitlements; path = IntentsExtension.entitlements; sourceTree = "<group>"; };
		4156E79B23AA0DBF005C42A7 /* ShareExtension.entitlements */ = {isa = PBXFileReference; lastKnownFileType = text.plist.entitlements; path = ShareExtension.entitlements; sourceTree = "<group>"; };
		4156E79D23AA2BD9005C42A7 /* OSLog+Custom.swift */ = {isa = PBXFileReference; lastKnownFileType = sourcecode.swift; path = "OSLog+Custom.swift"; sourceTree = "<group>"; };
		415B908623C5EA3A00AB0A3C /* RequestValidator.swift */ = {isa = PBXFileReference; lastKnownFileType = sourcecode.swift; path = RequestValidator.swift; sourceTree = "<group>"; };
		41A9C7FF23A9275E00B2CEDC /* SendSessionDelegate.swift */ = {isa = PBXFileReference; lastKnownFileType = sourcecode.swift; path = SendSessionDelegate.swift; sourceTree = "<group>"; };
		41B4D6F9246988AA002060DA /* ExtensionClass.js */ = {isa = PBXFileReference; lastKnownFileType = sourcecode.javascript; path = ExtensionClass.js; sourceTree = "<group>"; };
		41B4D6FB2469893F002060DA /* NSExtensionItem+WebPageProperties.swift */ = {isa = PBXFileReference; lastKnownFileType = sourcecode.swift; path = "NSExtensionItem+WebPageProperties.swift"; sourceTree = "<group>"; };
		41B71DF323A7BE85000440D4 /* Data+Size.swift */ = {isa = PBXFileReference; lastKnownFileType = sourcecode.swift; path = "Data+Size.swift"; sourceTree = "<group>"; };
		41B71DF523A7C29C000440D4 /* SendModel.swift */ = {isa = PBXFileReference; lastKnownFileType = sourcecode.swift; path = SendModel.swift; sourceTree = "<group>"; };
		41B71DF723A7E1C0000440D4 /* BoomerangError.swift */ = {isa = PBXFileReference; lastKnownFileType = sourcecode.swift; path = BoomerangError.swift; sourceTree = "<group>"; };
		41B71DF923A907FE000440D4 /* PaddingLabel.swift */ = {isa = PBXFileReference; lastKnownFileType = sourcecode.swift; path = PaddingLabel.swift; sourceTree = "<group>"; };
		41C905A1239A93FC009BFCFD /* Boomerang.appex */ = {isa = PBXFileReference; explicitFileType = "wrapper.app-extension"; includeInIndex = 0; name = Boomerang.appex; path = ShareExtension.appex; sourceTree = BUILT_PRODUCTS_DIR; };
		41C905A3239A93FC009BFCFD /* ShareViewController.swift */ = {isa = PBXFileReference; lastKnownFileType = sourcecode.swift; path = ShareViewController.swift; sourceTree = "<group>"; };
		41C905A6239A93FC009BFCFD /* Base */ = {isa = PBXFileReference; lastKnownFileType = file.storyboard; name = Base; path = Base.lproj/MainInterface.storyboard; sourceTree = "<group>"; };
		41C905A8239A93FC009BFCFD /* Info.plist */ = {isa = PBXFileReference; lastKnownFileType = text.plist.xml; path = Info.plist; sourceTree = "<group>"; };
		41D0B00123C33DB60041C398 /* Config.swift */ = {isa = PBXFileReference; lastKnownFileType = sourcecode.swift; path = Config.swift; sourceTree = "<group>"; };
		41D0B00323C34A950041C398 /* Constants.swift */ = {isa = PBXFileReference; lastKnownFileType = sourcecode.swift; path = Constants.swift; sourceTree = "<group>"; };
		41E3BEAC23A3EF2500C2F4AD /* Attachment.swift */ = {isa = PBXFileReference; lastKnownFileType = sourcecode.swift; path = Attachment.swift; sourceTree = "<group>"; };
		41E3BEAE23A3F0AE00C2F4AD /* Encodable+Dictionary.swift */ = {isa = PBXFileReference; lastKnownFileType = sourcecode.swift; path = "Encodable+Dictionary.swift"; sourceTree = "<group>"; };
		50379B222058CBB4000EE86E /* capacitor.config.json */ = {isa = PBXFileReference; fileEncoding = 4; lastKnownFileType = text.json; path = capacitor.config.json; sourceTree = "<group>"; };
		504EC3041FED79650016851F /* App.app */ = {isa = PBXFileReference; explicitFileType = wrapper.application; includeInIndex = 0; path = App.app; sourceTree = BUILT_PRODUCTS_DIR; };
		504EC3071FED79650016851F /* AppDelegate.swift */ = {isa = PBXFileReference; lastKnownFileType = sourcecode.swift; path = AppDelegate.swift; sourceTree = "<group>"; };
		504EC30C1FED79650016851F /* Base */ = {isa = PBXFileReference; lastKnownFileType = file.storyboard; name = Base; path = Base.lproj/Main.storyboard; sourceTree = "<group>"; };
		504EC30E1FED79650016851F /* Assets.xcassets */ = {isa = PBXFileReference; lastKnownFileType = folder.assetcatalog; path = Assets.xcassets; sourceTree = "<group>"; };
		504EC3111FED79650016851F /* Base */ = {isa = PBXFileReference; lastKnownFileType = file.storyboard; name = Base; path = Base.lproj/LaunchScreen.storyboard; sourceTree = "<group>"; };
		504EC3131FED79650016851F /* Info.plist */ = {isa = PBXFileReference; lastKnownFileType = text.plist.xml; path = Info.plist; sourceTree = "<group>"; };
		50B271D01FEDC1A000F3C39B /* public */ = {isa = PBXFileReference; lastKnownFileType = folder; path = public; sourceTree = SOURCE_ROOT; };
		AF277DCFFFF123FFC6DF26C7 /* Pods_App.framework */ = {isa = PBXFileReference; explicitFileType = wrapper.framework; includeInIndex = 0; path = Pods_App.framework; sourceTree = BUILT_PRODUCTS_DIR; };
		AF51FD2D460BCFE21FA515B2 /* Pods-App.release.xcconfig */ = {isa = PBXFileReference; includeInIndex = 1; lastKnownFileType = text.xcconfig; name = "Pods-App.release.xcconfig"; path = "Pods/Target Support Files/Pods-App/Pods-App.release.xcconfig"; sourceTree = "<group>"; };
		E937D6FE23CE059100BB52B3 /* en */ = {isa = PBXFileReference; lastKnownFileType = text.plist.xml; name = en; path = en.lproj/AppIntentVocabulary.plist; sourceTree = "<group>"; };
		E9F091A423893B1E0019F676 /* App.entitlements */ = {isa = PBXFileReference; lastKnownFileType = text.plist.entitlements; path = App.entitlements; sourceTree = "<group>"; };
		FC68EB0AF532CFC21C3344DD /* Pods-App.debug.xcconfig */ = {isa = PBXFileReference; includeInIndex = 1; lastKnownFileType = text.xcconfig; name = "Pods-App.debug.xcconfig"; path = "Pods/Target Support Files/Pods-App/Pods-App.debug.xcconfig"; sourceTree = "<group>"; };
/* End PBXFileReference section */

/* Begin PBXFrameworksBuildPhase section */
		41112C9623CC73B300CF52D7 /* Frameworks */ = {
			isa = PBXFrameworksBuildPhase;
			buildActionMask = 2147483647;
			files = (
				41112CAC23CC79C900CF52D7 /* JWTDecode in Frameworks */,
			);
			runOnlyForDeploymentPostprocessing = 0;
		};
		41C9059E239A93FC009BFCFD /* Frameworks */ = {
			isa = PBXFrameworksBuildPhase;
			buildActionMask = 2147483647;
			files = (
				41D0AFFF23C325700041C398 /* JWTDecode in Frameworks */,
			);
			runOnlyForDeploymentPostprocessing = 0;
		};
		504EC3011FED79650016851F /* Frameworks */ = {
			isa = PBXFrameworksBuildPhase;
			buildActionMask = 2147483647;
			files = (
				A084ECDBA7D38E1E42DFC39D /* Pods_App.framework in Frameworks */,
				41233DCE247918CC00ED7318 /* SwiftSoup in Frameworks */,
			);
			runOnlyForDeploymentPostprocessing = 0;
		};
/* End PBXFrameworksBuildPhase section */

/* Begin PBXGroup section */
		27E2DDA53C4D2A4D1A88CE4A /* Frameworks */ = {
			isa = PBXGroup;
			children = (
				AF277DCFFFF123FFC6DF26C7 /* Pods_App.framework */,
			);
			name = Frameworks;
			sourceTree = "<group>";
		};
		41112C9A23CC73B300CF52D7 /* IntentsExtension */ = {
			isa = PBXGroup;
			children = (
				4153CB3523CDAF68008EE059 /* IntentsExtension.entitlements */,
				41112C9B23CC73B300CF52D7 /* IntentHandler.swift */,
				41112C9D23CC73B300CF52D7 /* Info.plist */,
				E937D6FF23CE059100BB52B3 /* AppIntentVocabulary.plist */,
			);
			path = IntentsExtension;
			sourceTree = "<group>";
		};
		4156E79C23AA2BB0005C42A7 /* Common */ = {
			isa = PBXGroup;
			children = (
				41112CAD23CC7C1000CF52D7 /* Requests.swift */,
				41A9C7FF23A9275E00B2CEDC /* SendSessionDelegate.swift */,
				41B71DF723A7E1C0000440D4 /* BoomerangError.swift */,
				41E3BEAC23A3EF2500C2F4AD /* Attachment.swift */,
				41D0B00123C33DB60041C398 /* Config.swift */,
				411579F323BF39A300F92E5F /* ConfigReader.swift */,
				41D0B00323C34A950041C398 /* Constants.swift */,
				41B71DF223A7BE5A000440D4 /* Extensions */,
			);
			path = Common;
			sourceTree = "<group>";
		};
		41B71DF223A7BE5A000440D4 /* Extensions */ = {
			isa = PBXGroup;
			children = (
				4156E79D23AA2BD9005C42A7 /* OSLog+Custom.swift */,
				41E3BEAE23A3F0AE00C2F4AD /* Encodable+Dictionary.swift */,
				41B71DF323A7BE85000440D4 /* Data+Size.swift */,
				41233DCA2479183F00ED7318 /* URL+WebPageTitle.swift */,
			);
			path = Extensions;
			sourceTree = "<group>";
		};
		41C905A2239A93FC009BFCFD /* ShareExtension */ = {
			isa = PBXGroup;
			children = (
				4156E79B23AA0DBF005C42A7 /* ShareExtension.entitlements */,
				41C905A3239A93FC009BFCFD /* ShareViewController.swift */,
				41B71DF523A7C29C000440D4 /* SendModel.swift */,
				415B908623C5EA3A00AB0A3C /* RequestValidator.swift */,
				41C905A5239A93FC009BFCFD /* MainInterface.storyboard */,
				41C905A8239A93FC009BFCFD /* Info.plist */,
				41B71DF923A907FE000440D4 /* PaddingLabel.swift */,
				41B4D6F9246988AA002060DA /* ExtensionClass.js */,
				41B4D6FB2469893F002060DA /* NSExtensionItem+WebPageProperties.swift */,
			);
			path = ShareExtension;
			sourceTree = "<group>";
		};
		504EC2FB1FED79650016851F = {
			isa = PBXGroup;
			children = (
				4156E79C23AA2BB0005C42A7 /* Common */,
				504EC3061FED79650016851F /* App */,
				41C905A2239A93FC009BFCFD /* ShareExtension */,
				41112C9A23CC73B300CF52D7 /* IntentsExtension */,
				504EC3051FED79650016851F /* Products */,
				7F8756D8B27F46E3366F6CEA /* Pods */,
				27E2DDA53C4D2A4D1A88CE4A /* Frameworks */,
			);
			sourceTree = "<group>";
		};
		504EC3051FED79650016851F /* Products */ = {
			isa = PBXGroup;
			children = (
				504EC3041FED79650016851F /* App.app */,
				41C905A1239A93FC009BFCFD /* Boomerang.appex */,
				41112C9923CC73B300CF52D7 /* Boomerang.appex */,
			);
			name = Products;
			sourceTree = "<group>";
		};
		504EC3061FED79650016851F /* App */ = {
			isa = PBXGroup;
			children = (
				E9F091A423893B1E0019F676 /* App.entitlements */,
				50379B222058CBB4000EE86E /* capacitor.config.json */,
				504EC3071FED79650016851F /* AppDelegate.swift */,
				504EC30B1FED79650016851F /* Main.storyboard */,
				504EC30E1FED79650016851F /* Assets.xcassets */,
				504EC3101FED79650016851F /* LaunchScreen.storyboard */,
				504EC3131FED79650016851F /* Info.plist */,
				2FAD9762203C412B000D30F8 /* config.xml */,
				50B271D01FEDC1A000F3C39B /* public */,
			);
			path = App;
			sourceTree = "<group>";
		};
		7F8756D8B27F46E3366F6CEA /* Pods */ = {
			isa = PBXGroup;
			children = (
				FC68EB0AF532CFC21C3344DD /* Pods-App.debug.xcconfig */,
				AF51FD2D460BCFE21FA515B2 /* Pods-App.release.xcconfig */,
			);
			name = Pods;
			sourceTree = "<group>";
		};
/* End PBXGroup section */

/* Begin PBXNativeTarget section */
		41112C9823CC73B300CF52D7 /* IntentsExtension */ = {
			isa = PBXNativeTarget;
			buildConfigurationList = 41112CA323CC73B300CF52D7 /* Build configuration list for PBXNativeTarget "IntentsExtension" */;
			buildPhases = (
				41112C9523CC73B300CF52D7 /* Sources */,
				41112C9623CC73B300CF52D7 /* Frameworks */,
				41112C9723CC73B300CF52D7 /* Resources */,
			);
			buildRules = (
			);
			dependencies = (
			);
			name = IntentsExtension;
			packageProductDependencies = (
				41112CAB23CC79C900CF52D7 /* JWTDecode */,
			);
			productName = IntentsExtension;
			productReference = 41112C9923CC73B300CF52D7 /* Boomerang.appex */;
			productType = "com.apple.product-type.app-extension";
		};
		41C905A0239A93FC009BFCFD /* ShareExtension */ = {
			isa = PBXNativeTarget;
			buildConfigurationList = 41C905AF239A93FC009BFCFD /* Build configuration list for PBXNativeTarget "ShareExtension" */;
			buildPhases = (
				41C9059D239A93FC009BFCFD /* Sources */,
				41C9059E239A93FC009BFCFD /* Frameworks */,
				41C9059F239A93FC009BFCFD /* Resources */,
			);
			buildRules = (
			);
			dependencies = (
			);
			name = ShareExtension;
			packageProductDependencies = (
				41D0AFFE23C325700041C398 /* JWTDecode */,
			);
			productName = ShareExtension;
			productReference = 41C905A1239A93FC009BFCFD /* Boomerang.appex */;
			productType = "com.apple.product-type.app-extension";
		};
		504EC3031FED79650016851F /* App */ = {
			isa = PBXNativeTarget;
			buildConfigurationList = 504EC3161FED79650016851F /* Build configuration list for PBXNativeTarget "App" */;
			buildPhases = (
				6634F4EFEBD30273BCE97C65 /* [CP] Check Pods Manifest.lock */,
				504EC3001FED79650016851F /* Sources */,
				504EC3011FED79650016851F /* Frameworks */,
				504EC3021FED79650016851F /* Resources */,
				9592DBEFFC6D2A0C8D5DEB22 /* [CP] Embed Pods Frameworks */,
				41C905AC239A93FC009BFCFD /* Embed App Extensions */,
			);
			buildRules = (
			);
			dependencies = (
				41C905AA239A93FC009BFCFD /* PBXTargetDependency */,
				41112C9F23CC73B300CF52D7 /* PBXTargetDependency */,
			);
			name = App;
			packageProductDependencies = (
				41233DCD247918CC00ED7318 /* SwiftSoup */,
			);
			productName = App;
			productReference = 504EC3041FED79650016851F /* App.app */;
			productType = "com.apple.product-type.application";
		};
/* End PBXNativeTarget section */

/* Begin PBXProject section */
		504EC2FC1FED79650016851F /* Project object */ = {
			isa = PBXProject;
			attributes = {
				LastSwiftUpdateCheck = 1130;
				LastUpgradeCheck = 0920;
				TargetAttributes = {
					41112C9823CC73B300CF52D7 = {
						CreatedOnToolsVersion = 11.3;
					};
					41C905A0239A93FC009BFCFD = {
						CreatedOnToolsVersion = 11.2.1;
						ProvisioningStyle = Automatic;
					};
					504EC3031FED79650016851F = {
						CreatedOnToolsVersion = 9.2;
						LastSwiftMigration = 1140;
						ProvisioningStyle = Automatic;
					};
				};
			};
			buildConfigurationList = 504EC2FF1FED79650016851F /* Build configuration list for PBXProject "App" */;
			compatibilityVersion = "Xcode 8.0";
			developmentRegion = en;
			hasScannedForEncodings = 0;
			knownRegions = (
				en,
				Base,
			);
			mainGroup = 504EC2FB1FED79650016851F;
			packageReferences = (
				41D0AFFD23C325700041C398 /* XCRemoteSwiftPackageReference "JWTDecode.swift" */,
				41233DCC247918CC00ED7318 /* XCRemoteSwiftPackageReference "SwiftSoup" */,
			);
			productRefGroup = 504EC3051FED79650016851F /* Products */;
			projectDirPath = "";
			projectRoot = "";
			targets = (
				504EC3031FED79650016851F /* App */,
				41C905A0239A93FC009BFCFD /* ShareExtension */,
				41112C9823CC73B300CF52D7 /* IntentsExtension */,
			);
		};
/* End PBXProject section */

/* Begin PBXResourcesBuildPhase section */
		41112C9723CC73B300CF52D7 /* Resources */ = {
			isa = PBXResourcesBuildPhase;
			buildActionMask = 2147483647;
			files = (
				E937D6FD23CE059100BB52B3 /* AppIntentVocabulary.plist in Resources */,
			);
			runOnlyForDeploymentPostprocessing = 0;
		};
		41C9059F239A93FC009BFCFD /* Resources */ = {
			isa = PBXResourcesBuildPhase;
			buildActionMask = 2147483647;
			files = (
				41C905A7239A93FC009BFCFD /* MainInterface.storyboard in Resources */,
				41B4D6FA246988AA002060DA /* ExtensionClass.js in Resources */,
			);
			runOnlyForDeploymentPostprocessing = 0;
		};
		504EC3021FED79650016851F /* Resources */ = {
			isa = PBXResourcesBuildPhase;
			buildActionMask = 2147483647;
			files = (
				E937D6FC23CE059100BB52B3 /* AppIntentVocabulary.plist in Resources */,
				504EC3121FED79650016851F /* LaunchScreen.storyboard in Resources */,
				50B271D11FEDC1A000F3C39B /* public in Resources */,
				504EC30F1FED79650016851F /* Assets.xcassets in Resources */,
				50379B232058CBB4000EE86E /* capacitor.config.json in Resources */,
				504EC30D1FED79650016851F /* Main.storyboard in Resources */,
				2FAD9763203C412B000D30F8 /* config.xml in Resources */,
			);
			runOnlyForDeploymentPostprocessing = 0;
		};
/* End PBXResourcesBuildPhase section */

/* Begin PBXShellScriptBuildPhase section */
		6634F4EFEBD30273BCE97C65 /* [CP] Check Pods Manifest.lock */ = {
			isa = PBXShellScriptBuildPhase;
			buildActionMask = 2147483647;
			files = (
			);
			inputPaths = (
				"${PODS_PODFILE_DIR_PATH}/Podfile.lock",
				"${PODS_ROOT}/Manifest.lock",
			);
			name = "[CP] Check Pods Manifest.lock";
			outputPaths = (
				"$(DERIVED_FILE_DIR)/Pods-App-checkManifestLockResult.txt",
			);
			runOnlyForDeploymentPostprocessing = 0;
			shellPath = /bin/sh;
			shellScript = "diff \"${PODS_PODFILE_DIR_PATH}/Podfile.lock\" \"${PODS_ROOT}/Manifest.lock\" > /dev/null\nif [ $? != 0 ] ; then\n    # print error to STDERR\n    echo \"error: The sandbox is not in sync with the Podfile.lock. Run 'pod install' or update your CocoaPods installation.\" >&2\n    exit 1\nfi\n# This output is used by Xcode 'outputs' to avoid re-running this script phase.\necho \"SUCCESS\" > \"${SCRIPT_OUTPUT_FILE_0}\"\n";
			showEnvVarsInLog = 0;
		};
		9592DBEFFC6D2A0C8D5DEB22 /* [CP] Embed Pods Frameworks */ = {
			isa = PBXShellScriptBuildPhase;
			buildActionMask = 2147483647;
			files = (
			);
			inputFileListPaths = (
			);
			name = "[CP] Embed Pods Frameworks";
			outputFileListPaths = (
			);
			runOnlyForDeploymentPostprocessing = 0;
			shellPath = /bin/sh;
			shellScript = "\"${PODS_ROOT}/Target Support Files/Pods-App/Pods-App-frameworks.sh\"\n";
			showEnvVarsInLog = 0;
		};
/* End PBXShellScriptBuildPhase section */

/* Begin PBXSourcesBuildPhase section */
		41112C9523CC73B300CF52D7 /* Sources */ = {
			isa = PBXSourcesBuildPhase;
			buildActionMask = 2147483647;
			files = (
				41112CA523CC76B700CF52D7 /* BoomerangError.swift in Sources */,
				41112C9C23CC73B300CF52D7 /* IntentHandler.swift in Sources */,
				41112CA723CC780000CF52D7 /* Config.swift in Sources */,
				41112CA623CC77FC00CF52D7 /* ConfigReader.swift in Sources */,
				41112CB723CCBF7500CF52D7 /* Attachment.swift in Sources */,
				41112CB623CCB64200CF52D7 /* Encodable+Dictionary.swift in Sources */,
				41112CA423CC761700CF52D7 /* OSLog+Custom.swift in Sources */,
				41112CB023CCB1B100CF52D7 /* Requests.swift in Sources */,
				41112CB223CCB5F200CF52D7 /* SendSessionDelegate.swift in Sources */,
				41112CAA23CC799B00CF52D7 /* Constants.swift in Sources */,
			);
			runOnlyForDeploymentPostprocessing = 0;
		};
		41C9059D239A93FC009BFCFD /* Sources */ = {
			isa = PBXSourcesBuildPhase;
			buildActionMask = 2147483647;
			files = (
				41B71DF423A7BE85000440D4 /* Data+Size.swift in Sources */,
				41B71DF623A7C29C000440D4 /* SendModel.swift in Sources */,
				41B4D6FC2469893F002060DA /* NSExtensionItem+WebPageProperties.swift in Sources */,
				41E3BEAD23A3EF2500C2F4AD /* Attachment.swift in Sources */,
				41B71DF823A7E1C0000440D4 /* BoomerangError.swift in Sources */,
				41112CAF23CC7C4300CF52D7 /* Requests.swift in Sources */,
				41B71DFA23A907FE000440D4 /* PaddingLabel.swift in Sources */,
				41D0B00223C33DB60041C398 /* Config.swift in Sources */,
				41E3BEAF23A3F0AE00C2F4AD /* Encodable+Dictionary.swift in Sources */,
				415B908723C5EA3A00AB0A3C /* RequestValidator.swift in Sources */,
				4156E79F23AA2BD9005C42A7 /* OSLog+Custom.swift in Sources */,
				41A9C80123A9275E00B2CEDC /* SendSessionDelegate.swift in Sources */,
				41233DCF24791DB000ED7318 /* URL+WebPageTitle.swift in Sources */,
				41D0B00423C34A950041C398 /* Constants.swift in Sources */,
				411579F423BF39A300F92E5F /* ConfigReader.swift in Sources */,
				41C905A4239A93FC009BFCFD /* ShareViewController.swift in Sources */,
			);
			runOnlyForDeploymentPostprocessing = 0;
		};
		504EC3001FED79650016851F /* Sources */ = {
			isa = PBXSourcesBuildPhase;
			buildActionMask = 2147483647;
			files = (
				4156E79E23AA2BD9005C42A7 /* OSLog+Custom.swift in Sources */,
				41E6B6EB23AA5A5C005D91CF /* BoomerangError.swift in Sources */,
				504EC3081FED79650016851F /* AppDelegate.swift in Sources */,
				41E6B6EE23AA5A9D005D91CF /* Encodable+Dictionary.swift in Sources */,
				41E6B6EC23AA5A98005D91CF /* Data+Size.swift in Sources */,
				41A9C80023A9275E00B2CEDC /* SendSessionDelegate.swift in Sources */,
				41D0B00523C34AA70041C398 /* Constants.swift in Sources */,
			);
			runOnlyForDeploymentPostprocessing = 0;
		};
/* End PBXSourcesBuildPhase section */

/* Begin PBXTargetDependency section */
		41112C9F23CC73B300CF52D7 /* PBXTargetDependency */ = {
			isa = PBXTargetDependency;
			target = 41112C9823CC73B300CF52D7 /* IntentsExtension */;
			targetProxy = 41112C9E23CC73B300CF52D7 /* PBXContainerItemProxy */;
		};
		41C905AA239A93FC009BFCFD /* PBXTargetDependency */ = {
			isa = PBXTargetDependency;
			target = 41C905A0239A93FC009BFCFD /* ShareExtension */;
			targetProxy = 41C905A9239A93FC009BFCFD /* PBXContainerItemProxy */;
		};
/* End PBXTargetDependency section */

/* Begin PBXVariantGroup section */
		41C905A5239A93FC009BFCFD /* MainInterface.storyboard */ = {
			isa = PBXVariantGroup;
			children = (
				41C905A6239A93FC009BFCFD /* Base */,
			);
			name = MainInterface.storyboard;
			sourceTree = "<group>";
		};
		504EC30B1FED79650016851F /* Main.storyboard */ = {
			isa = PBXVariantGroup;
			children = (
				504EC30C1FED79650016851F /* Base */,
			);
			name = Main.storyboard;
			sourceTree = "<group>";
		};
		504EC3101FED79650016851F /* LaunchScreen.storyboard */ = {
			isa = PBXVariantGroup;
			children = (
				504EC3111FED79650016851F /* Base */,
			);
			name = LaunchScreen.storyboard;
			sourceTree = "<group>";
		};
		E937D6FF23CE059100BB52B3 /* AppIntentVocabulary.plist */ = {
			isa = PBXVariantGroup;
			children = (
				E937D6FE23CE059100BB52B3 /* en */,
			);
			name = AppIntentVocabulary.plist;
			sourceTree = "<group>";
		};
/* End PBXVariantGroup section */

/* Begin XCBuildConfiguration section */
		41112CA123CC73B300CF52D7 /* Debug */ = {
			isa = XCBuildConfiguration;
			buildSettings = {
				CLANG_ENABLE_OBJC_WEAK = YES;
				CLANG_WARN_DEPRECATED_OBJC_IMPLEMENTATIONS = YES;
				CLANG_WARN_OBJC_IMPLICIT_RETAIN_SELF = YES;
				CODE_SIGN_ENTITLEMENTS = IntentsExtension/IntentsExtension.entitlements;
				CODE_SIGN_STYLE = Automatic;
				CURRENT_PROJECT_VERSION = 20006;
				DEVELOPMENT_TEAM = 5JJFR2WY9F;
				INFOPLIST_FILE = IntentsExtension/Info.plist;
				IPHONEOS_DEPLOYMENT_TARGET = 11.0;
				LD_RUNPATH_SEARCH_PATHS = (
					"$(inherited)",
					"@executable_path/Frameworks",
					"@executable_path/../../Frameworks",
				);
				MARKETING_VERSION = 2.1.1;
				MTL_ENABLE_DEBUG_INFO = INCLUDE_SOURCE;
				MTL_FAST_MATH = YES;
				PRODUCT_BUNDLE_IDENTIFIER = com.boomerang.app.IntentsExtension;
				PRODUCT_NAME = Boomerang;
				SKIP_INSTALL = YES;
				SWIFT_VERSION = 5.0;
				TARGETED_DEVICE_FAMILY = "1,2";
			};
			name = Debug;
		};
		41112CA223CC73B300CF52D7 /* Release */ = {
			isa = XCBuildConfiguration;
			buildSettings = {
				CLANG_ENABLE_OBJC_WEAK = YES;
				CLANG_WARN_DEPRECATED_OBJC_IMPLEMENTATIONS = YES;
				CLANG_WARN_OBJC_IMPLICIT_RETAIN_SELF = YES;
				CODE_SIGN_ENTITLEMENTS = IntentsExtension/IntentsExtension.entitlements;
				CODE_SIGN_STYLE = Automatic;
				CURRENT_PROJECT_VERSION = 20006;
				DEVELOPMENT_TEAM = 5JJFR2WY9F;
				INFOPLIST_FILE = IntentsExtension/Info.plist;
				IPHONEOS_DEPLOYMENT_TARGET = 11.0;
				LD_RUNPATH_SEARCH_PATHS = (
					"$(inherited)",
					"@executable_path/Frameworks",
					"@executable_path/../../Frameworks",
				);
				MARKETING_VERSION = 2.1.1;
				MTL_FAST_MATH = YES;
				PRODUCT_BUNDLE_IDENTIFIER = com.boomerang.app.IntentsExtension;
				PRODUCT_NAME = Boomerang;
				SKIP_INSTALL = YES;
				SWIFT_VERSION = 5.0;
				TARGETED_DEVICE_FAMILY = "1,2";
			};
			name = Release;
		};
		41C905AD239A93FC009BFCFD /* Debug */ = {
			isa = XCBuildConfiguration;
			buildSettings = {
				CLANG_ENABLE_OBJC_WEAK = YES;
				CLANG_WARN_DEPRECATED_OBJC_IMPLEMENTATIONS = YES;
				CLANG_WARN_OBJC_IMPLICIT_RETAIN_SELF = YES;
				CODE_SIGN_ENTITLEMENTS = ShareExtension/ShareExtension.entitlements;
				CODE_SIGN_STYLE = Automatic;
				CURRENT_PROJECT_VERSION = 20006;
				DEVELOPMENT_TEAM = 5JJFR2WY9F;
				INFOPLIST_FILE = ShareExtension/Info.plist;
				IPHONEOS_DEPLOYMENT_TARGET = 11.0;
				LD_RUNPATH_SEARCH_PATHS = (
					"$(inherited)",
					"@executable_path/Frameworks",
					"@executable_path/../../Frameworks",
				);
				MARKETING_VERSION = 2.1.1;
				MTL_ENABLE_DEBUG_INFO = INCLUDE_SOURCE;
				MTL_FAST_MATH = YES;
				PRODUCT_BUNDLE_IDENTIFIER = com.boomerang.app.ShareExtension;
				PRODUCT_NAME = Boomerang;
				SKIP_INSTALL = YES;
				SWIFT_VERSION = 5.0;
				TARGETED_DEVICE_FAMILY = "1,2";
			};
			name = Debug;
		};
		41C905AE239A93FC009BFCFD /* Release */ = {
			isa = XCBuildConfiguration;
			buildSettings = {
				CLANG_ENABLE_OBJC_WEAK = YES;
				CLANG_WARN_DEPRECATED_OBJC_IMPLEMENTATIONS = YES;
				CLANG_WARN_OBJC_IMPLICIT_RETAIN_SELF = YES;
				CODE_SIGN_ENTITLEMENTS = ShareExtension/ShareExtension.entitlements;
				CODE_SIGN_STYLE = Automatic;
				CURRENT_PROJECT_VERSION = 20006;
				DEVELOPMENT_TEAM = 5JJFR2WY9F;
				INFOPLIST_FILE = ShareExtension/Info.plist;
				IPHONEOS_DEPLOYMENT_TARGET = 11.0;
				LD_RUNPATH_SEARCH_PATHS = (
					"$(inherited)",
					"@executable_path/Frameworks",
					"@executable_path/../../Frameworks",
				);
				MARKETING_VERSION = 2.1.1;
				MTL_FAST_MATH = YES;
				PRODUCT_BUNDLE_IDENTIFIER = com.boomerang.app.ShareExtension;
				PRODUCT_NAME = Boomerang;
				SKIP_INSTALL = YES;
				SWIFT_VERSION = 5.0;
				TARGETED_DEVICE_FAMILY = "1,2";
			};
			name = Release;
		};
		504EC3141FED79650016851F /* Debug */ = {
			isa = XCBuildConfiguration;
			buildSettings = {
				ALWAYS_SEARCH_USER_PATHS = NO;
				CLANG_ANALYZER_NONNULL = YES;
				CLANG_ANALYZER_NUMBER_OBJECT_CONVERSION = YES_AGGRESSIVE;
				CLANG_CXX_LANGUAGE_STANDARD = "gnu++14";
				CLANG_CXX_LIBRARY = "libc++";
				CLANG_ENABLE_MODULES = YES;
				CLANG_ENABLE_OBJC_ARC = YES;
				CLANG_WARN_BLOCK_CAPTURE_AUTORELEASING = YES;
				CLANG_WARN_BOOL_CONVERSION = YES;
				CLANG_WARN_COMMA = YES;
				CLANG_WARN_CONSTANT_CONVERSION = YES;
				CLANG_WARN_DIRECT_OBJC_ISA_USAGE = YES_ERROR;
				CLANG_WARN_DOCUMENTATION_COMMENTS = YES;
				CLANG_WARN_EMPTY_BODY = YES;
				CLANG_WARN_ENUM_CONVERSION = YES;
				CLANG_WARN_INFINITE_RECURSION = YES;
				CLANG_WARN_INT_CONVERSION = YES;
				CLANG_WARN_NON_LITERAL_NULL_CONVERSION = YES;
				CLANG_WARN_OBJC_LITERAL_CONVERSION = YES;
				CLANG_WARN_OBJC_ROOT_CLASS = YES_ERROR;
				CLANG_WARN_RANGE_LOOP_ANALYSIS = YES;
				CLANG_WARN_STRICT_PROTOTYPES = YES;
				CLANG_WARN_SUSPICIOUS_MOVE = YES;
				CLANG_WARN_UNGUARDED_AVAILABILITY = YES_AGGRESSIVE;
				CLANG_WARN_UNREACHABLE_CODE = YES;
				CLANG_WARN__DUPLICATE_METHOD_MATCH = YES;
				CODE_SIGN_IDENTITY = "iPhone Developer";
				COPY_PHASE_STRIP = NO;
				DEBUG_INFORMATION_FORMAT = dwarf;
				ENABLE_STRICT_OBJC_MSGSEND = YES;
				ENABLE_TESTABILITY = YES;
				GCC_C_LANGUAGE_STANDARD = gnu11;
				GCC_DYNAMIC_NO_PIC = NO;
				GCC_NO_COMMON_BLOCKS = YES;
				GCC_OPTIMIZATION_LEVEL = 0;
				GCC_PREPROCESSOR_DEFINITIONS = (
					"DEBUG=1",
					"$(inherited)",
				);
				GCC_WARN_64_TO_32_BIT_CONVERSION = YES;
				GCC_WARN_ABOUT_RETURN_TYPE = YES_ERROR;
				GCC_WARN_UNDECLARED_SELECTOR = YES;
				GCC_WARN_UNINITIALIZED_AUTOS = YES_AGGRESSIVE;
				GCC_WARN_UNUSED_FUNCTION = YES;
				GCC_WARN_UNUSED_VARIABLE = YES;
				IPHONEOS_DEPLOYMENT_TARGET = 11.0;
				MTL_ENABLE_DEBUG_INFO = YES;
				ONLY_ACTIVE_ARCH = YES;
				SDKROOT = iphoneos;
				SWIFT_ACTIVE_COMPILATION_CONDITIONS = DEBUG;
				SWIFT_OPTIMIZATION_LEVEL = "-Onone";
			};
			name = Debug;
		};
		504EC3151FED79650016851F /* Release */ = {
			isa = XCBuildConfiguration;
			buildSettings = {
				ALWAYS_SEARCH_USER_PATHS = NO;
				CLANG_ANALYZER_NONNULL = YES;
				CLANG_ANALYZER_NUMBER_OBJECT_CONVERSION = YES_AGGRESSIVE;
				CLANG_CXX_LANGUAGE_STANDARD = "gnu++14";
				CLANG_CXX_LIBRARY = "libc++";
				CLANG_ENABLE_MODULES = YES;
				CLANG_ENABLE_OBJC_ARC = YES;
				CLANG_WARN_BLOCK_CAPTURE_AUTORELEASING = YES;
				CLANG_WARN_BOOL_CONVERSION = YES;
				CLANG_WARN_COMMA = YES;
				CLANG_WARN_CONSTANT_CONVERSION = YES;
				CLANG_WARN_DIRECT_OBJC_ISA_USAGE = YES_ERROR;
				CLANG_WARN_DOCUMENTATION_COMMENTS = YES;
				CLANG_WARN_EMPTY_BODY = YES;
				CLANG_WARN_ENUM_CONVERSION = YES;
				CLANG_WARN_INFINITE_RECURSION = YES;
				CLANG_WARN_INT_CONVERSION = YES;
				CLANG_WARN_NON_LITERAL_NULL_CONVERSION = YES;
				CLANG_WARN_OBJC_LITERAL_CONVERSION = YES;
				CLANG_WARN_OBJC_ROOT_CLASS = YES_ERROR;
				CLANG_WARN_RANGE_LOOP_ANALYSIS = YES;
				CLANG_WARN_STRICT_PROTOTYPES = YES;
				CLANG_WARN_SUSPICIOUS_MOVE = YES;
				CLANG_WARN_UNGUARDED_AVAILABILITY = YES_AGGRESSIVE;
				CLANG_WARN_UNREACHABLE_CODE = YES;
				CLANG_WARN__DUPLICATE_METHOD_MATCH = YES;
				CODE_SIGN_IDENTITY = "iPhone Developer";
				COPY_PHASE_STRIP = NO;
				DEBUG_INFORMATION_FORMAT = "dwarf-with-dsym";
				ENABLE_NS_ASSERTIONS = NO;
				ENABLE_STRICT_OBJC_MSGSEND = YES;
				GCC_C_LANGUAGE_STANDARD = gnu11;
				GCC_NO_COMMON_BLOCKS = YES;
				GCC_WARN_64_TO_32_BIT_CONVERSION = YES;
				GCC_WARN_ABOUT_RETURN_TYPE = YES_ERROR;
				GCC_WARN_UNDECLARED_SELECTOR = YES;
				GCC_WARN_UNINITIALIZED_AUTOS = YES_AGGRESSIVE;
				GCC_WARN_UNUSED_FUNCTION = YES;
				GCC_WARN_UNUSED_VARIABLE = YES;
				IPHONEOS_DEPLOYMENT_TARGET = 11.0;
				MTL_ENABLE_DEBUG_INFO = NO;
				SDKROOT = iphoneos;
				SWIFT_COMPILATION_MODE = wholemodule;
				SWIFT_OPTIMIZATION_LEVEL = "-O";
				VALIDATE_PRODUCT = YES;
			};
			name = Release;
		};
		504EC3171FED79650016851F /* Debug */ = {
			isa = XCBuildConfiguration;
			baseConfigurationReference = FC68EB0AF532CFC21C3344DD /* Pods-App.debug.xcconfig */;
			buildSettings = {
				ALWAYS_EMBED_SWIFT_STANDARD_LIBRARIES = YES;
				ASSETCATALOG_COMPILER_APPICON_NAME = AppIcon;
				CODE_SIGN_ENTITLEMENTS = App/App.entitlements;
				CODE_SIGN_STYLE = Automatic;
				CURRENT_PROJECT_VERSION = 20006;
				DEVELOPMENT_TEAM = 5JJFR2WY9F;
				INFOPLIST_FILE = App/Info.plist;
				IPHONEOS_DEPLOYMENT_TARGET = 11.0;
				LD_RUNPATH_SEARCH_PATHS = (
					"$(inherited)",
					"@executable_path/Frameworks",
				);
				MARKETING_VERSION = 2.1.1;
				OTHER_SWIFT_FLAGS = "$(inherited) \"-D\" \"COCOAPODS\" \"-DDEBUG\"";
				PRODUCT_BUNDLE_IDENTIFIER = com.boomerang.app;
				PRODUCT_NAME = "$(TARGET_NAME)";
				SWIFT_ACTIVE_COMPILATION_CONDITIONS = "DEBUG USE_PUSH";
				SWIFT_VERSION = 5.0;
				TARGETED_DEVICE_FAMILY = 1;
			};
			name = Debug;
		};
		504EC3181FED79650016851F /* Release */ = {
			isa = XCBuildConfiguration;
			baseConfigurationReference = AF51FD2D460BCFE21FA515B2 /* Pods-App.release.xcconfig */;
			buildSettings = {
				ALWAYS_EMBED_SWIFT_STANDARD_LIBRARIES = YES;
				ASSETCATALOG_COMPILER_APPICON_NAME = AppIcon;
				CODE_SIGN_ENTITLEMENTS = App/App.entitlements;
				CODE_SIGN_STYLE = Automatic;
				CURRENT_PROJECT_VERSION = 20006;
				DEVELOPMENT_TEAM = 5JJFR2WY9F;
				INFOPLIST_FILE = App/Info.plist;
				IPHONEOS_DEPLOYMENT_TARGET = 11.0;
				LD_RUNPATH_SEARCH_PATHS = (
					"$(inherited)",
					"@executable_path/Frameworks",
				);
				MARKETING_VERSION = 2.1.1;
				PRODUCT_BUNDLE_IDENTIFIER = com.boomerang.app;
				PRODUCT_NAME = "$(TARGET_NAME)";
				SWIFT_ACTIVE_COMPILATION_CONDITIONS = USE_PUSH;
				SWIFT_VERSION = 5.0;
				TARGETED_DEVICE_FAMILY = 1;
			};
			name = Release;
		};
/* End XCBuildConfiguration section */

/* Begin XCConfigurationList section */
		41112CA323CC73B300CF52D7 /* Build configuration list for PBXNativeTarget "IntentsExtension" */ = {
			isa = XCConfigurationList;
			buildConfigurations = (
				41112CA123CC73B300CF52D7 /* Debug */,
				41112CA223CC73B300CF52D7 /* Release */,
			);
			defaultConfigurationIsVisible = 0;
			defaultConfigurationName = Release;
		};
		41C905AF239A93FC009BFCFD /* Build configuration list for PBXNativeTarget "ShareExtension" */ = {
			isa = XCConfigurationList;
			buildConfigurations = (
				41C905AD239A93FC009BFCFD /* Debug */,
				41C905AE239A93FC009BFCFD /* Release */,
			);
			defaultConfigurationIsVisible = 0;
			defaultConfigurationName = Release;
		};
		504EC2FF1FED79650016851F /* Build configuration list for PBXProject "App" */ = {
			isa = XCConfigurationList;
			buildConfigurations = (
				504EC3141FED79650016851F /* Debug */,
				504EC3151FED79650016851F /* Release */,
			);
			defaultConfigurationIsVisible = 0;
			defaultConfigurationName = Release;
		};
		504EC3161FED79650016851F /* Build configuration list for PBXNativeTarget "App" */ = {
			isa = XCConfigurationList;
			buildConfigurations = (
				504EC3171FED79650016851F /* Debug */,
				504EC3181FED79650016851F /* Release */,
			);
			defaultConfigurationIsVisible = 0;
			defaultConfigurationName = Release;
		};
/* End XCConfigurationList section */

/* Begin XCRemoteSwiftPackageReference section */
		41233DCC247918CC00ED7318 /* XCRemoteSwiftPackageReference "SwiftSoup" */ = {
			isa = XCRemoteSwiftPackageReference;
			repositoryURL = "https://github.com/scinfu/SwiftSoup";
			requirement = {
				kind = upToNextMajorVersion;
				minimumVersion = 2.3.2;
			};
		};
		41D0AFFD23C325700041C398 /* XCRemoteSwiftPackageReference "JWTDecode.swift" */ = {
			isa = XCRemoteSwiftPackageReference;
			repositoryURL = "https://github.com/auth0/JWTDecode.swift.git";
			requirement = {
				kind = upToNextMajorVersion;
				minimumVersion = 2.4.0;
			};
		};
/* End XCRemoteSwiftPackageReference section */

/* Begin XCSwiftPackageProductDependency section */
		41112CAB23CC79C900CF52D7 /* JWTDecode */ = {
			isa = XCSwiftPackageProductDependency;
			package = 41D0AFFD23C325700041C398 /* XCRemoteSwiftPackageReference "JWTDecode.swift" */;
			productName = JWTDecode;
		};
		41233DCD247918CC00ED7318 /* SwiftSoup */ = {
			isa = XCSwiftPackageProductDependency;
			package = 41233DCC247918CC00ED7318 /* XCRemoteSwiftPackageReference "SwiftSoup" */;
			productName = SwiftSoup;
		};
		41D0AFFE23C325700041C398 /* JWTDecode */ = {
			isa = XCSwiftPackageProductDependency;
			package = 41D0AFFD23C325700041C398 /* XCRemoteSwiftPackageReference "JWTDecode.swift" */;
			productName = JWTDecode;
		};
/* End XCSwiftPackageProductDependency section */
	};
	rootObject = 504EC2FC1FED79650016851F /* Project object */;
}
